
Microsoft Visual Studio Solution File, Format Version 12.00
# Visual Studio Version 17
VisualStudioVersion = 17.13.35828.75 d17.13
MinimumVisualStudioVersion = 10.0.40219.1
Project("{FAE04EC0-301F-11D3-BF4B-00C04F79EFBC}") = "OnlineQuizApp", "OnlineQuizApp.csproj", "{65BB7130-8FAD-44F2-AD93-08996BDE3251}"
EndProject
Global
	GlobalSection(SolutionConfigurationPlatforms) = preSolution
		Debug|Any CPU = Debug|Any CPU
		Release|Any CPU = Release|Any CPU
	EndGlobalSection
	GlobalSection(ProjectConfigurationPlatforms) = postSolution
		{65BB7130-8FAD-44F2-AD93-08996BDE3251}.Debug|Any CPU.ActiveCfg = Debug|Any CPU
		{65BB7130-8FAD-44F2-AD93-08996BDE3251}.Debug|Any CPU.Build.0 = Debug|Any CPU
		{65BB7130-8FAD-44F2-AD93-08996BDE3251}.Release|Any CPU.ActiveCfg = Release|Any CPU
		{65BB7130-8FAD-44F2-AD93-08996BDE3251}.Release|Any CPU.Build.0 = Release|Any CPU
	EndGlobalSection
	GlobalSection(SolutionProperties) = preSolution
		HideSolutionNode = FALSE
	EndGlobalSection
	GlobalSection(ExtensibilityGlobals) = postSolution
		SolutionGuid = {80DFB8E5-DB02-4C35-8DAF-779C70C3B099}
	EndGlobalSection
EndGlobal
